# THIS IS AN AUTOGENERATED FILE. DO NOT EDIT THIS FILE DIRECTLY.
# yarn lockfile v1


intro.js@^5.1.0:
  version "5.1.0"
  resolved "https://registry.yarnpkg.com/intro.js/-/intro.js-5.1.0.tgz#ffa804cd03f464198aa9be505afdd7fb814def3a"
  integrity sha512-zwWl/duTh00eeNcZRU4o4/xxloNYPFKs4n4lMRDNx59jZr+qRI0jSOnzqYMOuVftD4beGrmxBHz4k8qp9/dCMA==
